// !$*UTF8*$!
{
	archiveVersion = 1;
	classes = {
	};
	objectVersion = 46;
	objects = {

/* Begin PBXBuildFile section */
		7B89A8E4886B4300B76B059B /* libPods.a in Frameworks */ = {isa = PBXBuildFile; fileRef = 57F73A3078744104822D5EC4 /* libPods.a */; };
		9B47DF4A171B8B3F0083D7AE /* JGAFImageCache.m in Sources */ = {isa = PBXBuildFile; fileRef = 9B47DF46171B8B3F0083D7AE /* JGAFImageCache.m */; };
		9B47DF4B171B8B3F0083D7AE /* NSString+JGAFSHA1.m in Sources */ = {isa = PBXBuildFile; fileRef = 9B47DF48171B8B3F0083D7AE /* NSString+JGAFSHA1.m */; };
		9B47DF4C171B8B3F0083D7AE /* README.md in Resources */ = {isa = PBXBuildFile; fileRef = 9B47DF49171B8B3F0083D7AE /* README.md */; };
		9B47DF4F171B8B760083D7AE /* SystemConfiguration.framework in Frameworks */ = {isa = PBXBuildFile; fileRef = 9B47DF4E171B8B760083D7AE /* SystemConfiguration.framework */; };
		9B47DF51171B8B8A0083D7AE /* MobileCoreServices.framework in Frameworks */ = {isa = PBXBuildFile; fileRef = 9B47DF50171B8B8A0083D7AE /* MobileCoreServices.framework */; };
		9B47DF54171B8ED80083D7AE /* Social.framework in Frameworks */ = {isa = PBXBuildFile; fileRef = 9B47DF53171B8ED80083D7AE /* Social.framework */; };
		9BC7A72F171998CC00F9667F /* Default-568h@2x.png in Resources */ = {isa = PBXBuildFile; fileRef = 9BC7A72E171998CC00F9667F /* Default-568h@2x.png */; };
		9BC7AD91153243C700B256EC /* UIKit.framework in Frameworks */ = {isa = PBXBuildFile; fileRef = 9BC7AD90153243C700B256EC /* UIKit.framework */; };
		9BC7AD93153243C700B256EC /* Foundation.framework in Frameworks */ = {isa = PBXBuildFile; fileRef = 9BC7AD92153243C700B256EC /* Foundation.framework */; };
		9BC7AD95153243C700B256EC /* CoreGraphics.framework in Frameworks */ = {isa = PBXBuildFile; fileRef = 9BC7AD94153243C700B256EC /* CoreGraphics.framework */; };
		9BC7AD9B153243C700B256EC /* InfoPlist.strings in Resources */ = {isa = PBXBuildFile; fileRef = 9BC7AD99153243C700B256EC /* InfoPlist.strings */; };
		9BC7AD9D153243C700B256EC /* main.m in Sources */ = {isa = PBXBuildFile; fileRef = 9BC7AD9C153243C700B256EC /* main.m */; };
		9BC7ADA1153243C700B256EC /* GOAppDelegate.m in Sources */ = {isa = PBXBuildFile; fileRef = 9BC7ADA0153243C700B256EC /* GOAppDelegate.m */; };
		9BC7ADA4153243C700B256EC /* MainStoryboard.storyboard in Resources */ = {isa = PBXBuildFile; fileRef = 9BC7ADA2153243C700B256EC /* MainStoryboard.storyboard */; };
		9BC7ADA7153243C700B256EC /* GOSearchViewController.m in Sources */ = {isa = PBXBuildFile; fileRef = 9BC7ADA6153243C700B256EC /* GOSearchViewController.m */; };
		9BC7ADAF153243C700B256EC /* SenTestingKit.framework in Frameworks */ = {isa = PBXBuildFile; fileRef = 9BC7ADAE153243C700B256EC /* SenTestingKit.framework */; };
		9BC7ADB0153243C700B256EC /* UIKit.framework in Frameworks */ = {isa = PBXBuildFile; fileRef = 9BC7AD90153243C700B256EC /* UIKit.framework */; };
		9BC7ADB1153243C700B256EC /* Foundation.framework in Frameworks */ = {isa = PBXBuildFile; fileRef = 9BC7AD92153243C700B256EC /* Foundation.framework */; };
		9BC7ADB9153243C700B256EC /* InfoPlist.strings in Resources */ = {isa = PBXBuildFile; fileRef = 9BC7ADB7153243C700B256EC /* InfoPlist.strings */; };
		9BC7ADBC153243C700B256EC /* EasyFollowTests.m in Sources */ = {isa = PBXBuildFile; fileRef = 9BC7ADBB153243C700B256EC /* EasyFollowTests.m */; };
		9BC7ADC81532454600B256EC /* GOUserCell.xib in Resources */ = {isa = PBXBuildFile; fileRef = 9BC7ADC51532454600B256EC /* GOUserCell.xib */; };
		9BC7ADC91532454600B256EC /* GOUserCell.m in Sources */ = {isa = PBXBuildFile; fileRef = 9BC7ADC71532454600B256EC /* GOUserCell.m */; };
		9BC7ADD01532465300B256EC /* GOTwitterUser.m in Sources */ = {isa = PBXBuildFile; fileRef = 9BC7ADCD1532464500B256EC /* GOTwitterUser.m */; };
		9BC7ADD41532466A00B256EC /* Accounts.framework in Frameworks */ = {isa = PBXBuildFile; fileRef = 9BC7ADD31532466A00B256EC /* Accounts.framework */; };
		9BC7ADD715324AAE00B256EC /* GODataSource.m in Sources */ = {isa = PBXBuildFile; fileRef = 9BC7ADD615324AAD00B256EC /* GODataSource.m */; };
		9BC7ADDB15324F1400B256EC /* GOAccountsViewController.m in Sources */ = {isa = PBXBuildFile; fileRef = 9BC7ADD915324F1400B256EC /* GOAccountsViewController.m */; };
		9BE0AFF3171D341700D125A6 /* Icon_6.png in Resources */ = {isa = PBXBuildFile; fileRef = 9BE0AFF2171D341700D125A6 /* Icon_6.png */; };
		9BE0AFF5171D341A00D125A6 /* Icon_6@2x.png in Resources */ = {isa = PBXBuildFile; fileRef = 9BE0AFF4171D341A00D125A6 /* Icon_6@2x.png */; };
		9BE0AFF8171D342A00D125A6 /* UINavigationBar.png in Resources */ = {isa = PBXBuildFile; fileRef = 9BE0AFF6171D342A00D125A6 /* UINavigationBar.png */; };
		9BE0AFF9171D342A00D125A6 /* UINavigationBar@2x.png in Resources */ = {isa = PBXBuildFile; fileRef = 9BE0AFF7171D342A00D125A6 /* UINavigationBar@2x.png */; };
		9BEB4C8D15328FCD0006F2B4 /* NSCache+GODictionaryLiterals.m in Sources */ = {isa = PBXBuildFile; fileRef = 9BEB4C8C15328FCD0006F2B4 /* NSCache+GODictionaryLiterals.m */; };
		9BEB4C901532935A0006F2B4 /* NSArray+GOArrayLiterals.m in Sources */ = {isa = PBXBuildFile; fileRef = 9BEB4C8F1532935A0006F2B4 /* NSArray+GOArrayLiterals.m */; };
		9BEB4C93153293E20006F2B4 /* NSDictionary+GODictionaryLiterals.m in Sources */ = {isa = PBXBuildFile; fileRef = 9BEB4C92153293E20006F2B4 /* NSDictionary+GODictionaryLiterals.m */; };
		9BEB4C97153295390006F2B4 /* NSUserDefaults+GODictionaryLiterals.m in Sources */ = {isa = PBXBuildFile; fileRef = 9BEB4C96153295390006F2B4 /* NSUserDefaults+GODictionaryLiterals.m */; };
/* End PBXBuildFile section */

/* Begin PBXContainerItemProxy section */
		9BC7ADB2153243C700B256EC /* PBXContainerItemProxy */ = {
			isa = PBXContainerItemProxy;
			containerPortal = 9BC7AD83153243C600B256EC /* Project object */;
			proxyType = 1;
			remoteGlobalIDString = 9BC7AD8B153243C700B256EC;
			remoteInfo = EasyFollow;
		};
/* End PBXContainerItemProxy section */

/* Begin PBXFileReference section */
		57F73A3078744104822D5EC4 /* libPods.a */ = {isa = PBXFileReference; explicitFileType = archive.ar; includeInIndex = 0; path = libPods.a; sourceTree = BUILT_PRODUCTS_DIR; };
		8F9A31E86A214BC0B8FBAF80 /* Pods.xcconfig */ = {isa = PBXFileReference; includeInIndex = 1; lastKnownFileType = text.xcconfig; name = Pods.xcconfig; path = Pods/Pods.xcconfig; sourceTree = SOURCE_ROOT; };
		9B47DF45171B8B3F0083D7AE /* JGAFImageCache.h */ = {isa = PBXFileReference; fileEncoding = 4; lastKnownFileType = sourcecode.c.h; path = JGAFImageCache.h; sourceTree = "<group>"; };
		9B47DF46171B8B3F0083D7AE /* JGAFImageCache.m */ = {isa = PBXFileReference; fileEncoding = 4; lastKnownFileType = sourcecode.c.objc; path = JGAFImageCache.m; sourceTree = "<group>"; };
		9B47DF47171B8B3F0083D7AE /* NSString+JGAFSHA1.h */ = {isa = PBXFileReference; fileEncoding = 4; lastKnownFileType = sourcecode.c.h; path = "NSString+JGAFSHA1.h"; sourceTree = "<group>"; };
		9B47DF48171B8B3F0083D7AE /* NSString+JGAFSHA1.m */ = {isa = PBXFileReference; fileEncoding = 4; lastKnownFileType = sourcecode.c.objc; path = "NSString+JGAFSHA1.m"; sourceTree = "<group>"; };
		9B47DF49171B8B3F0083D7AE /* README.md */ = {isa = PBXFileReference; fileEncoding = 4; lastKnownFileType = text; path = README.md; sourceTree = "<group>"; };
		9B47DF4E171B8B760083D7AE /* SystemConfiguration.framework */ = {isa = PBXFileReference; lastKnownFileType = wrapper.framework; name = SystemConfiguration.framework; path = System/Library/Frameworks/SystemConfiguration.framework; sourceTree = SDKROOT; };
		9B47DF50171B8B8A0083D7AE /* MobileCoreServices.framework */ = {isa = PBXFileReference; lastKnownFileType = wrapper.framework; name = MobileCoreServices.framework; path = System/Library/Frameworks/MobileCoreServices.framework; sourceTree = SDKROOT; };
		9B47DF53171B8ED80083D7AE /* Social.framework */ = {isa = PBXFileReference; lastKnownFileType = wrapper.framework; name = Social.framework; path = System/Library/Frameworks/Social.framework; sourceTree = SDKROOT; };
		9B5E4D751532562F001EA717 /* EasyFollow.entitlements */ = {isa = PBXFileReference; lastKnownFileType = text.xml; path = EasyFollow.entitlements; sourceTree = "<group>"; };
		9BC7A72E171998CC00F9667F /* Default-568h@2x.png */ = {isa = PBXFileReference; lastKnownFileType = image.png; name = "Default-568h@2x.png"; path = "../Default-568h@2x.png"; sourceTree = "<group>"; };
		9BC7AD8C153243C700B256EC /* EasyFollow.app */ = {isa = PBXFileReference; explicitFileType = wrapper.application; includeInIndex = 0; path = EasyFollow.app; sourceTree = BUILT_PRODUCTS_DIR; };
		9BC7AD90153243C700B256EC /* UIKit.framework */ = {isa = PBXFileReference; lastKnownFileType = wrapper.framework; name = UIKit.framework; path = System/Library/Frameworks/UIKit.framework; sourceTree = SDKROOT; };
		9BC7AD92153243C700B256EC /* Foundation.framework */ = {isa = PBXFileReference; lastKnownFileType = wrapper.framework; name = Foundation.framework; path = System/Library/Frameworks/Foundation.framework; sourceTree = SDKROOT; };
		9BC7AD94153243C700B256EC /* CoreGraphics.framework */ = {isa = PBXFileReference; lastKnownFileType = wrapper.framework; name = CoreGraphics.framework; path = System/Library/Frameworks/CoreGraphics.framework; sourceTree = SDKROOT; };
		9BC7AD98153243C700B256EC /* EasyFollow-Info.plist */ = {isa = PBXFileReference; lastKnownFileType = text.plist.xml; path = "EasyFollow-Info.plist"; sourceTree = "<group>"; };
		9BC7AD9A153243C700B256EC /* en */ = {isa = PBXFileReference; lastKnownFileType = text.plist.strings; name = en; path = en.lproj/InfoPlist.strings; sourceTree = "<group>"; };
		9BC7AD9C153243C700B256EC /* main.m */ = {isa = PBXFileReference; lastKnownFileType = sourcecode.c.objc; path = main.m; sourceTree = "<group>"; };
		9BC7AD9E153243C700B256EC /* EasyFollow-Prefix.pch */ = {isa = PBXFileReference; lastKnownFileType = sourcecode.c.h; path = "EasyFollow-Prefix.pch"; sourceTree = "<group>"; };
		9BC7AD9F153243C700B256EC /* GOAppDelegate.h */ = {isa = PBXFileReference; lastKnownFileType = sourcecode.c.h; path = GOAppDelegate.h; sourceTree = "<group>"; };
		9BC7ADA0153243C700B256EC /* GOAppDelegate.m */ = {isa = PBXFileReference; lastKnownFileType = sourcecode.c.objc; path = GOAppDelegate.m; sourceTree = "<group>"; };
		9BC7ADA3153243C700B256EC /* en */ = {isa = PBXFileReference; lastKnownFileType = file.storyboard; name = en; path = en.lproj/MainStoryboard.storyboard; sourceTree = "<group>"; };
		9BC7ADA5153243C700B256EC /* GOSearchViewController.h */ = {isa = PBXFileReference; lastKnownFileType = sourcecode.c.h; path = GOSearchViewController.h; sourceTree = "<group>"; };
		9BC7ADA6153243C700B256EC /* GOSearchViewController.m */ = {isa = PBXFileReference; lastKnownFileType = sourcecode.c.objc; path = GOSearchViewController.m; sourceTree = "<group>"; };
		9BC7ADAD153243C700B256EC /* EasyFollowTests.octest */ = {isa = PBXFileReference; explicitFileType = wrapper.cfbundle; includeInIndex = 0; path = EasyFollowTests.octest; sourceTree = BUILT_PRODUCTS_DIR; };
		9BC7ADAE153243C700B256EC /* SenTestingKit.framework */ = {isa = PBXFileReference; lastKnownFileType = wrapper.framework; name = SenTestingKit.framework; path = Library/Frameworks/SenTestingKit.framework; sourceTree = DEVELOPER_DIR; };
		9BC7ADB6153243C700B256EC /* EasyFollowTests-Info.plist */ = {isa = PBXFileReference; lastKnownFileType = text.plist.xml; path = "EasyFollowTests-Info.plist"; sourceTree = "<group>"; };
		9BC7ADB8153243C700B256EC /* en */ = {isa = PBXFileReference; lastKnownFileType = text.plist.strings; name = en; path = en.lproj/InfoPlist.strings; sourceTree = "<group>"; };
		9BC7ADBA153243C700B256EC /* EasyFollowTests.h */ = {isa = PBXFileReference; lastKnownFileType = sourcecode.c.h; path = EasyFollowTests.h; sourceTree = "<group>"; };
		9BC7ADBB153243C700B256EC /* EasyFollowTests.m */ = {isa = PBXFileReference; lastKnownFileType = sourcecode.c.objc; path = EasyFollowTests.m; sourceTree = "<group>"; };
		9BC7ADC51532454600B256EC /* GOUserCell.xib */ = {isa = PBXFileReference; fileEncoding = 4; lastKnownFileType = file.xib; path = GOUserCell.xib; sourceTree = "<group>"; };
		9BC7ADC61532454600B256EC /* GOUserCell.h */ = {isa = PBXFileReference; fileEncoding = 4; lastKnownFileType = sourcecode.c.h; path = GOUserCell.h; sourceTree = "<group>"; };
		9BC7ADC71532454600B256EC /* GOUserCell.m */ = {isa = PBXFileReference; fileEncoding = 4; lastKnownFileType = sourcecode.c.objc; path = GOUserCell.m; sourceTree = "<group>"; };
		9BC7ADCC1532464400B256EC /* GOTwitterUser.h */ = {isa = PBXFileReference; fileEncoding = 4; lastKnownFileType = sourcecode.c.h; path = GOTwitterUser.h; sourceTree = "<group>"; };
		9BC7ADCD1532464500B256EC /* GOTwitterUser.m */ = {isa = PBXFileReference; fileEncoding = 4; lastKnownFileType = sourcecode.c.objc; path = GOTwitterUser.m; sourceTree = "<group>"; };
		9BC7ADD11532466700B256EC /* Twitter.framework */ = {isa = PBXFileReference; lastKnownFileType = wrapper.framework; name = Twitter.framework; path = System/Library/Frameworks/Twitter.framework; sourceTree = SDKROOT; };
		9BC7ADD31532466A00B256EC /* Accounts.framework */ = {isa = PBXFileReference; lastKnownFileType = wrapper.framework; name = Accounts.framework; path = System/Library/Frameworks/Accounts.framework; sourceTree = SDKROOT; };
		9BC7ADD515324AAD00B256EC /* GODataSource.h */ = {isa = PBXFileReference; fileEncoding = 4; lastKnownFileType = sourcecode.c.h; path = GODataSource.h; sourceTree = "<group>"; };
		9BC7ADD615324AAD00B256EC /* GODataSource.m */ = {isa = PBXFileReference; fileEncoding = 4; lastKnownFileType = sourcecode.c.objc; path = GODataSource.m; sourceTree = "<group>"; };
		9BC7ADD815324F1400B256EC /* GOAccountsViewController.h */ = {isa = PBXFileReference; fileEncoding = 4; lastKnownFileType = sourcecode.c.h; path = GOAccountsViewController.h; sourceTree = "<group>"; };
		9BC7ADD915324F1400B256EC /* GOAccountsViewController.m */ = {isa = PBXFileReference; fileEncoding = 4; lastKnownFileType = sourcecode.c.objc; path = GOAccountsViewController.m; sourceTree = "<group>"; };
		9BE0AFF2171D341700D125A6 /* Icon_6.png */ = {isa = PBXFileReference; lastKnownFileType = image.png; name = Icon_6.png; path = ../Icon_6.png; sourceTree = "<group>"; };
		9BE0AFF4171D341A00D125A6 /* Icon_6@2x.png */ = {isa = PBXFileReference; lastKnownFileType = image.png; name = "Icon_6@2x.png"; path = "../Icon_6@2x.png"; sourceTree = "<group>"; };
		9BE0AFF6171D342A00D125A6 /* UINavigationBar.png */ = {isa = PBXFileReference; lastKnownFileType = image.png; name = UINavigationBar.png; path = ../UINavigationBar.png; sourceTree = "<group>"; };
		9BE0AFF7171D342A00D125A6 /* UINavigationBar@2x.png */ = {isa = PBXFileReference; lastKnownFileType = image.png; name = "UINavigationBar@2x.png"; path = "../UINavigationBar@2x.png"; sourceTree = "<group>"; };
		9BEB4C8B15328FCD0006F2B4 /* NSCache+GODictionaryLiterals.h */ = {isa = PBXFileReference; fileEncoding = 4; lastKnownFileType = sourcecode.c.h; path = "NSCache+GODictionaryLiterals.h"; sourceTree = "<group>"; };
		9BEB4C8C15328FCD0006F2B4 /* NSCache+GODictionaryLiterals.m */ = {isa = PBXFileReference; fileEncoding = 4; lastKnownFileType = sourcecode.c.objc; path = "NSCache+GODictionaryLiterals.m"; sourceTree = "<group>"; };
		9BEB4C8E1532935A0006F2B4 /* NSArray+GOArrayLiterals.h */ = {isa = PBXFileReference; fileEncoding = 4; lastKnownFileType = sourcecode.c.h; path = "NSArray+GOArrayLiterals.h"; sourceTree = "<group>"; };
		9BEB4C8F1532935A0006F2B4 /* NSArray+GOArrayLiterals.m */ = {isa = PBXFileReference; fileEncoding = 4; lastKnownFileType = sourcecode.c.objc; path = "NSArray+GOArrayLiterals.m"; sourceTree = "<group>"; };
		9BEB4C91153293E20006F2B4 /* NSDictionary+GODictionaryLiterals.h */ = {isa = PBXFileReference; fileEncoding = 4; lastKnownFileType = sourcecode.c.h; path = "NSDictionary+GODictionaryLiterals.h"; sourceTree = "<group>"; };
		9BEB4C92153293E20006F2B4 /* NSDictionary+GODictionaryLiterals.m */ = {isa = PBXFileReference; fileEncoding = 4; lastKnownFileType = sourcecode.c.objc; path = "NSDictionary+GODictionaryLiterals.m"; sourceTree = "<group>"; };
		9BEB4C95153295390006F2B4 /* NSUserDefaults+GODictionaryLiterals.h */ = {isa = PBXFileReference; fileEncoding = 4; lastKnownFileType = sourcecode.c.h; path = "NSUserDefaults+GODictionaryLiterals.h"; sourceTree = "<group>"; };
		9BEB4C96153295390006F2B4 /* NSUserDefaults+GODictionaryLiterals.m */ = {isa = PBXFileReference; fileEncoding = 4; lastKnownFileType = sourcecode.c.objc; path = "NSUserDefaults+GODictionaryLiterals.m"; sourceTree = "<group>"; };
/* End PBXFileReference section */

/* Begin PBXFrameworksBuildPhase section */
		9BC7AD89153243C700B256EC /* Frameworks */ = {
			isa = PBXFrameworksBuildPhase;
			buildActionMask = 2147483647;
			files = (
				9B47DF54171B8ED80083D7AE /* Social.framework in Frameworks */,
				9B47DF51171B8B8A0083D7AE /* MobileCoreServices.framework in Frameworks */,
				9B47DF4F171B8B760083D7AE /* SystemConfiguration.framework in Frameworks */,
				9BC7ADD41532466A00B256EC /* Accounts.framework in Frameworks */,
				9BC7AD91153243C700B256EC /* UIKit.framework in Frameworks */,
				9BC7AD93153243C700B256EC /* Foundation.framework in Frameworks */,
				9BC7AD95153243C700B256EC /* CoreGraphics.framework in Frameworks */,
				7B89A8E4886B4300B76B059B /* libPods.a in Frameworks */,
			);
			runOnlyForDeploymentPostprocessing = 0;
		};
		9BC7ADA9153243C700B256EC /* Frameworks */ = {
			isa = PBXFrameworksBuildPhase;
			buildActionMask = 2147483647;
			files = (
				9BC7ADAF153243C700B256EC /* SenTestingKit.framework in Frameworks */,
				9BC7ADB0153243C700B256EC /* UIKit.framework in Frameworks */,
				9BC7ADB1153243C700B256EC /* Foundation.framework in Frameworks */,
			);
			runOnlyForDeploymentPostprocessing = 0;
		};
/* End PBXFrameworksBuildPhase section */

/* Begin PBXGroup section */
		9B47DF44171B8B3F0083D7AE /* JGAFImageCache */ = {
			isa = PBXGroup;
			children = (
				9B47DF45171B8B3F0083D7AE /* JGAFImageCache.h */,
				9B47DF46171B8B3F0083D7AE /* JGAFImageCache.m */,
				9B47DF47171B8B3F0083D7AE /* NSString+JGAFSHA1.h */,
				9B47DF48171B8B3F0083D7AE /* NSString+JGAFSHA1.m */,
				9B47DF49171B8B3F0083D7AE /* README.md */,
			);
			path = JGAFImageCache;
			sourceTree = "<group>";
		};
		9BC7AD81153243C600B256EC = {
			isa = PBXGroup;
			children = (
				9BC7AD96153243C700B256EC /* EasyFollow */,
				9BC7ADB4153243C700B256EC /* EasyFollowTests */,
				9BC7AD8F153243C700B256EC /* Frameworks */,
				9BC7AD8D153243C700B256EC /* Products */,
			);
			sourceTree = "<group>";
		};
		9BC7AD8D153243C700B256EC /* Products */ = {
			isa = PBXGroup;
			children = (
				9BC7AD8C153243C700B256EC /* EasyFollow.app */,
				9BC7ADAD153243C700B256EC /* EasyFollowTests.octest */,
			);
			name = Products;
			sourceTree = "<group>";
		};
		9BC7AD8F153243C700B256EC /* Frameworks */ = {
			isa = PBXGroup;
			children = (
				9B47DF53171B8ED80083D7AE /* Social.framework */,
				9B47DF50171B8B8A0083D7AE /* MobileCoreServices.framework */,
				9B47DF4E171B8B760083D7AE /* SystemConfiguration.framework */,
				9BC7ADD31532466A00B256EC /* Accounts.framework */,
				9BC7ADD11532466700B256EC /* Twitter.framework */,
				9BC7AD90153243C700B256EC /* UIKit.framework */,
				9BC7AD92153243C700B256EC /* Foundation.framework */,
				9BC7AD94153243C700B256EC /* CoreGraphics.framework */,
				9BC7ADAE153243C700B256EC /* SenTestingKit.framework */,
				57F73A3078744104822D5EC4 /* libPods.a */,
			);
			name = Frameworks;
			sourceTree = "<group>";
		};
		9BC7AD96153243C700B256EC /* EasyFollow */ = {
			isa = PBXGroup;
			children = (
				9B47DF44171B8B3F0083D7AE /* JGAFImageCache */,
				9BC7ADCB1532455400B256EC /* User Cell */,
				9BC7ADDD15324F1A00B256EC /* Account Selector */,
				9BC7ADA2153243C700B256EC /* MainStoryboard.storyboard */,
				9BC7ADCC1532464400B256EC /* GOTwitterUser.h */,
				9BC7ADCD1532464500B256EC /* GOTwitterUser.m */,
				9BC7AD9F153243C700B256EC /* GOAppDelegate.h */,
				9BC7ADA0153243C700B256EC /* GOAppDelegate.m */,
				9BC7ADD515324AAD00B256EC /* GODataSource.h */,
				9BC7ADD615324AAD00B256EC /* GODataSource.m */,
				9BC7ADA5153243C700B256EC /* GOSearchViewController.h */,
				9BC7ADA6153243C700B256EC /* GOSearchViewController.m */,
				9BC7AD97153243C700B256EC /* Supporting Files */,
				9BEB4C94153294250006F2B4 /* Categories that should be deleted */,
			);
			path = EasyFollow;
			sourceTree = "<group>";
		};
		9BC7AD97153243C700B256EC /* Supporting Files */ = {
			isa = PBXGroup;
			children = (
				8F9A31E86A214BC0B8FBAF80 /* Pods.xcconfig */,
				9BE0AFF6171D342A00D125A6 /* UINavigationBar.png */,
				9BE0AFF7171D342A00D125A6 /* UINavigationBar@2x.png */,
				9BE0AFF4171D341A00D125A6 /* Icon_6@2x.png */,
				9BE0AFF2171D341700D125A6 /* Icon_6.png */,
				9BC7A72E171998CC00F9667F /* Default-568h@2x.png */,
				9B5E4D751532562F001EA717 /* EasyFollow.entitlements */,
				9BC7AD98153243C700B256EC /* EasyFollow-Info.plist */,
				9BC7AD99153243C700B256EC /* InfoPlist.strings */,
				9BC7AD9C153243C700B256EC /* main.m */,
				9BC7AD9E153243C700B256EC /* EasyFollow-Prefix.pch */,
			);
			name = "Supporting Files";
			sourceTree = "<group>";
		};
		9BC7ADB4153243C700B256EC /* EasyFollowTests */ = {
			isa = PBXGroup;
			children = (
				9BC7ADBA153243C700B256EC /* EasyFollowTests.h */,
				9BC7ADBB153243C700B256EC /* EasyFollowTests.m */,
				9BC7ADB5153243C700B256EC /* Supporting Files */,
			);
			path = EasyFollowTests;
			sourceTree = "<group>";
		};
		9BC7ADB5153243C700B256EC /* Supporting Files */ = {
			isa = PBXGroup;
			children = (
				9BC7ADB6153243C700B256EC /* EasyFollowTests-Info.plist */,
				9BC7ADB7153243C700B256EC /* InfoPlist.strings */,
			);
			name = "Supporting Files";
			sourceTree = "<group>";
		};
		9BC7ADCB1532455400B256EC /* User Cell */ = {
			isa = PBXGroup;
			children = (
				9BC7ADC51532454600B256EC /* GOUserCell.xib */,
				9BC7ADC61532454600B256EC /* GOUserCell.h */,
				9BC7ADC71532454600B256EC /* GOUserCell.m */,
			);
			name = "User Cell";
			sourceTree = "<group>";
		};
		9BC7ADDD15324F1A00B256EC /* Account Selector */ = {
			isa = PBXGroup;
			children = (
				9BC7ADD815324F1400B256EC /* GOAccountsViewController.h */,
				9BC7ADD915324F1400B256EC /* GOAccountsViewController.m */,
			);
			name = "Account Selector";
			sourceTree = "<group>";
		};
		9BEB4C94153294250006F2B4 /* Categories that should be deleted */ = {
			isa = PBXGroup;
			children = (
				9BEB4C8B15328FCD0006F2B4 /* NSCache+GODictionaryLiterals.h */,
				9BEB4C8C15328FCD0006F2B4 /* NSCache+GODictionaryLiterals.m */,
				9BEB4C8E1532935A0006F2B4 /* NSArray+GOArrayLiterals.h */,
				9BEB4C8F1532935A0006F2B4 /* NSArray+GOArrayLiterals.m */,
				9BEB4C91153293E20006F2B4 /* NSDictionary+GODictionaryLiterals.h */,
				9BEB4C92153293E20006F2B4 /* NSDictionary+GODictionaryLiterals.m */,
				9BEB4C95153295390006F2B4 /* NSUserDefaults+GODictionaryLiterals.h */,
				9BEB4C96153295390006F2B4 /* NSUserDefaults+GODictionaryLiterals.m */,
			);
			name = "Categories that should be deleted";
			sourceTree = "<group>";
		};
/* End PBXGroup section */

/* Begin PBXNativeTarget section */
		9BC7AD8B153243C700B256EC /* EasyFollow */ = {
			isa = PBXNativeTarget;
			buildConfigurationList = 9BC7ADBF153243C700B256EC /* Build configuration list for PBXNativeTarget "EasyFollow" */;
			buildPhases = (
				9BC7AD88153243C700B256EC /* Sources */,
				9BC7AD89153243C700B256EC /* Frameworks */,
				9BC7AD8A153243C700B256EC /* Resources */,
				3C58679FF4E44EE6BABCF247 /* Copy Pods Resources */,
			);
			buildRules = (
			);
			dependencies = (
			);
			name = EasyFollow;
			productName = EasyFollow;
			productReference = 9BC7AD8C153243C700B256EC /* EasyFollow.app */;
			productType = "com.apple.product-type.application";
		};
		9BC7ADAC153243C700B256EC /* EasyFollowTests */ = {
			isa = PBXNativeTarget;
			buildConfigurationList = 9BC7ADC2153243C700B256EC /* Build configuration list for PBXNativeTarget "EasyFollowTests" */;
			buildPhases = (
				9BC7ADA8153243C700B256EC /* Sources */,
				9BC7ADA9153243C700B256EC /* Frameworks */,
				9BC7ADAA153243C700B256EC /* Resources */,
				9BC7ADAB153243C700B256EC /* ShellScript */,
			);
			buildRules = (
			);
			dependencies = (
				9BC7ADB3153243C700B256EC /* PBXTargetDependency */,
			);
			name = EasyFollowTests;
			productName = EasyFollowTests;
			productReference = 9BC7ADAD153243C700B256EC /* EasyFollowTests.octest */;
			productType = "com.apple.product-type.bundle";
		};
/* End PBXNativeTarget section */

/* Begin PBXProject section */
		9BC7AD83153243C600B256EC /* Project object */ = {
			isa = PBXProject;
			attributes = {
				CLASSPREFIX = GO;
				LastUpgradeCheck = 0460;
				ORGANIZATIONNAME = "Goodwinlabs LLC";
			};
			buildConfigurationList = 9BC7AD86153243C600B256EC /* Build configuration list for PBXProject "EasyFollow" */;
			compatibilityVersion = "Xcode 3.2";
			developmentRegion = English;
			hasScannedForEncodings = 0;
			knownRegions = (
				en,
			);
			mainGroup = 9BC7AD81153243C600B256EC;
			productRefGroup = 9BC7AD8D153243C700B256EC /* Products */;
			projectDirPath = "";
			projectRoot = "";
			targets = (
				9BC7AD8B153243C700B256EC /* EasyFollow */,
				9BC7ADAC153243C700B256EC /* EasyFollowTests */,
			);
		};
/* End PBXProject section */

/* Begin PBXResourcesBuildPhase section */
		9BC7AD8A153243C700B256EC /* Resources */ = {
			isa = PBXResourcesBuildPhase;
			buildActionMask = 2147483647;
			files = (
				9BC7AD9B153243C700B256EC /* InfoPlist.strings in Resources */,
				9BC7ADA4153243C700B256EC /* MainStoryboard.storyboard in Resources */,
				9BC7ADC81532454600B256EC /* GOUserCell.xib in Resources */,
				9BC7A72F171998CC00F9667F /* Default-568h@2x.png in Resources */,
				9B47DF4C171B8B3F0083D7AE /* README.md in Resources */,
				9BE0AFF3171D341700D125A6 /* Icon_6.png in Resources */,
				9BE0AFF5171D341A00D125A6 /* Icon_6@2x.png in Resources */,
				9BE0AFF8171D342A00D125A6 /* UINavigationBar.png in Resources */,
				9BE0AFF9171D342A00D125A6 /* UINavigationBar@2x.png in Resources */,
			);
			runOnlyForDeploymentPostprocessing = 0;
		};
		9BC7ADAA153243C700B256EC /* Resources */ = {
			isa = PBXResourcesBuildPhase;
			buildActionMask = 2147483647;
			files = (
				9BC7ADB9153243C700B256EC /* InfoPlist.strings in Resources */,
			);
			runOnlyForDeploymentPostprocessing = 0;
		};
/* End PBXResourcesBuildPhase section */

/* Begin PBXShellScriptBuildPhase section */
		3C58679FF4E44EE6BABCF247 /* Copy Pods Resources */ = {
			isa = PBXShellScriptBuildPhase;
			buildActionMask = 2147483647;
			files = (
			);
			inputPaths = (
			);
			name = "Copy Pods Resources";
			outputPaths = (
			);
			runOnlyForDeploymentPostprocessing = 0;
			shellPath = /bin/sh;
			shellScript = "\"${SRCROOT}/Pods/Pods-resources.sh\"\n";
		};
		9BC7ADAB153243C700B256EC /* ShellScript */ = {
			isa = PBXShellScriptBuildPhase;
			buildActionMask = 2147483647;
			files = (
			);
			inputPaths = (
			);
			outputPaths = (
			);
			runOnlyForDeploymentPostprocessing = 0;
			shellPath = /bin/sh;
			shellScript = "# Run the unit tests in this test bundle.\n\"${SYSTEM_DEVELOPER_DIR}/Tools/RunUnitTests\"\n";
		};
/* End PBXShellScriptBuildPhase section */

/* Begin PBXSourcesBuildPhase section */
		9BC7AD88153243C700B256EC /* Sources */ = {
			isa = PBXSourcesBuildPhase;
			buildActionMask = 2147483647;
			files = (
				9BC7AD9D153243C700B256EC /* main.m in Sources */,
				9BC7ADA1153243C700B256EC /* GOAppDelegate.m in Sources */,
				9BC7ADA7153243C700B256EC /* GOSearchViewController.m in Sources */,
				9BC7ADC91532454600B256EC /* GOUserCell.m in Sources */,
				9BC7ADD01532465300B256EC /* GOTwitterUser.m in Sources */,
				9BC7ADD715324AAE00B256EC /* GODataSource.m in Sources */,
				9BC7ADDB15324F1400B256EC /* GOAccountsViewController.m in Sources */,
				9BEB4C8D15328FCD0006F2B4 /* NSCache+GODictionaryLiterals.m in Sources */,
				9BEB4C901532935A0006F2B4 /* NSArray+GOArrayLiterals.m in Sources */,
				9BEB4C93153293E20006F2B4 /* NSDictionary+GODictionaryLiterals.m in Sources */,
				9BEB4C97153295390006F2B4 /* NSUserDefaults+GODictionaryLiterals.m in Sources */,
				9B47DF4A171B8B3F0083D7AE /* JGAFImageCache.m in Sources */,
				9B47DF4B171B8B3F0083D7AE /* NSString+JGAFSHA1.m in Sources */,
			);
			runOnlyForDeploymentPostprocessing = 0;
		};
		9BC7ADA8153243C700B256EC /* Sources */ = {
			isa = PBXSourcesBuildPhase;
			buildActionMask = 2147483647;
			files = (
				9BC7ADBC153243C700B256EC /* EasyFollowTests.m in Sources */,
			);
			runOnlyForDeploymentPostprocessing = 0;
		};
/* End PBXSourcesBuildPhase section */

/* Begin PBXTargetDependency section */
		9BC7ADB3153243C700B256EC /* PBXTargetDependency */ = {
			isa = PBXTargetDependency;
			target = 9BC7AD8B153243C700B256EC /* EasyFollow */;
			targetProxy = 9BC7ADB2153243C700B256EC /* PBXContainerItemProxy */;
		};
/* End PBXTargetDependency section */

/* Begin PBXVariantGroup section */
		9BC7AD99153243C700B256EC /* InfoPlist.strings */ = {
			isa = PBXVariantGroup;
			children = (
				9BC7AD9A153243C700B256EC /* en */,
			);
			name = InfoPlist.strings;
			sourceTree = "<group>";
		};
		9BC7ADA2153243C700B256EC /* MainStoryboard.storyboard */ = {
			isa = PBXVariantGroup;
			children = (
				9BC7ADA3153243C700B256EC /* en */,
			);
			name = MainStoryboard.storyboard;
			sourceTree = "<group>";
		};
		9BC7ADB7153243C700B256EC /* InfoPlist.strings */ = {
			isa = PBXVariantGroup;
			children = (
				9BC7ADB8153243C700B256EC /* en */,
			);
			name = InfoPlist.strings;
			sourceTree = "<group>";
		};
/* End PBXVariantGroup section */

/* Begin XCBuildConfiguration section */
		9BC7ADBD153243C700B256EC /* Debug */ = {
			isa = XCBuildConfiguration;
			buildSettings = {
				ALWAYS_SEARCH_USER_PATHS = NO;
				ARCHS = "$(ARCHS_STANDARD_32_BIT)";
				CLANG_ENABLE_OBJC_ARC = YES;
				CLANG_WARN_CONSTANT_CONVERSION = YES;
				CLANG_WARN_ENUM_CONVERSION = YES;
				CLANG_WARN_INT_CONVERSION = YES;
				CLANG_WARN__DUPLICATE_METHOD_MATCH = YES;
				"CODE_SIGN_IDENTITY[sdk=iphoneos*]" = "iPhone Developer";
				COPY_PHASE_STRIP = NO;
				GCC_C_LANGUAGE_STANDARD = gnu99;
				GCC_DYNAMIC_NO_PIC = NO;
				GCC_OPTIMIZATION_LEVEL = 0;
				GCC_PREPROCESSOR_DEFINITIONS = (
					"DEBUG=1",
					"$(inherited)",
				);
				GCC_SYMBOLS_PRIVATE_EXTERN = NO;
				GCC_VERSION = com.apple.compilers.llvm.clang.1_0;
				GCC_WARN_ABOUT_RETURN_TYPE = YES;
				GCC_WARN_UNINITIALIZED_AUTOS = YES;
				GCC_WARN_UNUSED_VARIABLE = YES;
				IPHONEOS_DEPLOYMENT_TARGET = 5.1;
				SDKROOT = iphoneos;
			};
			name = Debug;
		};
		9BC7ADBE153243C700B256EC /* Release */ = {
			isa = XCBuildConfiguration;
			buildSettings = {
				ALWAYS_SEARCH_USER_PATHS = NO;
				ARCHS = "$(ARCHS_STANDARD_32_BIT)";
				CLANG_ENABLE_OBJC_ARC = YES;
				CLANG_WARN_CONSTANT_CONVERSION = YES;
				CLANG_WARN_ENUM_CONVERSION = YES;
				CLANG_WARN_INT_CONVERSION = YES;
				CLANG_WARN__DUPLICATE_METHOD_MATCH = YES;
				"CODE_SIGN_IDENTITY[sdk=iphoneos*]" = "iPhone Developer";
				COPY_PHASE_STRIP = YES;
				GCC_C_LANGUAGE_STANDARD = gnu99;
				GCC_VERSION = com.apple.compilers.llvm.clang.1_0;
				GCC_WARN_ABOUT_RETURN_TYPE = YES;
				GCC_WARN_UNINITIALIZED_AUTOS = YES;
				GCC_WARN_UNUSED_VARIABLE = YES;
				IPHONEOS_DEPLOYMENT_TARGET = 5.1;
				OTHER_CFLAGS = "-DNS_BLOCK_ASSERTIONS=1";
				SDKROOT = iphoneos;
				VALIDATE_PRODUCT = YES;
			};
			name = Release;
		};
		9BC7ADC0153243C700B256EC /* Debug */ = {
			isa = XCBuildConfiguration;
			baseConfigurationReference = 8F9A31E86A214BC0B8FBAF80 /* Pods.xcconfig */;
			buildSettings = {
				CODE_SIGN_ENTITLEMENTS = "";
				GCC_PRECOMPILE_PREFIX_HEADER = YES;
				GCC_PREFIX_HEADER = "EasyFollow/EasyFollow-Prefix.pch";
				GCC_TREAT_WARNINGS_AS_ERRORS = YES;
				GCC_VERSION = "";
				GCC_WARN_64_TO_32_BIT_CONVERSION = YES;
				GCC_WARN_ABOUT_MISSING_FIELD_INITIALIZERS = YES;
				GCC_WARN_ABOUT_MISSING_NEWLINE = YES;
				GCC_WARN_INITIALIZER_NOT_FULLY_BRACKETED = YES;
				GCC_WARN_SHADOW = YES;
				GCC_WARN_SIGN_COMPARE = YES;
				GCC_WARN_UNDECLARED_SELECTOR = YES;
				GCC_WARN_UNUSED_FUNCTION = YES;
				GCC_WARN_UNUSED_LABEL = YES;
				INFOPLIST_FILE = "EasyFollow/EasyFollow-Info.plist";
				IPHONEOS_DEPLOYMENT_TARGET = 6.0;
				PRODUCT_NAME = "$(TARGET_NAME)";
				RUN_CLANG_STATIC_ANALYZER = YES;
				WRAPPER_EXTENSION = app;
			};
			name = Debug;
		};
		9BC7ADC1153243C700B256EC /* Release */ = {
			isa = XCBuildConfiguration;
			baseConfigurationReference = 8F9A31E86A214BC0B8FBAF80 /* Pods.xcconfig */;
			buildSettings = {
				CODE_SIGN_ENTITLEMENTS = EasyFollow/EasyFollow.entitlements;
				GCC_PRECOMPILE_PREFIX_HEADER = YES;
				GCC_PREFIX_HEADER = "EasyFollow/EasyFollow-Prefix.pch";
				GCC_TREAT_WARNINGS_AS_ERRORS = YES;
				GCC_VERSION = "";
				GCC_WARN_64_TO_32_BIT_CONVERSION = YES;
				GCC_WARN_ABOUT_MISSING_FIELD_INITIALIZERS = YES;
				GCC_WARN_ABOUT_MISSING_NEWLINE = YES;
				GCC_WARN_INITIALIZER_NOT_FULLY_BRACKETED = YES;
				GCC_WARN_SHADOW = YES;
				GCC_WARN_SIGN_COMPARE = YES;
				GCC_WARN_UNDECLARED_SELECTOR = YES;
				GCC_WARN_UNUSED_FUNCTION = YES;
				GCC_WARN_UNUSED_LABEL = YES;
				INFOPLIST_FILE = "EasyFollow/EasyFollow-Info.plist";
				IPHONEOS_DEPLOYMENT_TARGET = 6.0;
				PRODUCT_NAME = "$(TARGET_NAME)";
				RUN_CLANG_STATIC_ANALYZER = YES;
				WRAPPER_EXTENSION = app;
			};
			name = Release;
		};
		9BC7ADC3153243C700B256EC /* Debug */ = {
			isa = XCBuildConfiguration;
			buildSettings = {
				BUNDLE_LOADER = "$(BUILT_PRODUCTS_DIR)/EasyFollow.app/EasyFollow";
				FRAMEWORK_SEARCH_PATHS = (
					"$(SDKROOT)/Developer/Library/Frameworks",
					"$(DEVELOPER_LIBRARY_DIR)/Frameworks",
				);
				GCC_PRECOMPILE_PREFIX_HEADER = YES;
				GCC_PREFIX_HEADER = "EasyFollow/EasyFollow-Prefix.pch";
				INFOPLIST_FILE = "EasyFollowTests/EasyFollowTests-Info.plist";
				PRODUCT_NAME = "$(TARGET_NAME)";
				TEST_HOST = "$(BUNDLE_LOADER)";
				WRAPPER_EXTENSION = octest;
			};
			name = Debug;
		};
		9BC7ADC4153243C700B256EC /* Release */ = {
			isa = XCBuildConfiguration;
			buildSettings = {
				BUNDLE_LOADER = "$(BUILT_PRODUCTS_DIR)/EasyFollow.app/EasyFollow";
				FRAMEWORK_SEARCH_PATHS = (
					"$(SDKROOT)/Developer/Library/Frameworks",
					"$(DEVELOPER_LIBRARY_DIR)/Frameworks",
				);
				GCC_PRECOMPILE_PREFIX_HEADER = YES;
				GCC_PREFIX_HEADER = "EasyFollow/EasyFollow-Prefix.pch";
				INFOPLIST_FILE = "EasyFollowTests/EasyFollowTests-Info.plist";
				PRODUCT_NAME = "$(TARGET_NAME)";
				TEST_HOST = "$(BUNDLE_LOADER)";
				WRAPPER_EXTENSION = octest;
			};
			name = Release;
		};
/* End XCBuildConfiguration section */

/* Begin XCConfigurationList section */
		9BC7AD86153243C600B256EC /* Build configuration list for PBXProject "EasyFollow" */ = {
			isa = XCConfigurationList;
			buildConfigurations = (
				9BC7ADBD153243C700B256EC /* Debug */,
				9BC7ADBE153243C700B256EC /* Release */,
			);
			defaultConfigurationIsVisible = 0;
			defaultConfigurationName = Release;
		};
		9BC7ADBF153243C700B256EC /* Build configuration list for PBXNativeTarget "EasyFollow" */ = {
			isa = XCConfigurationList;
			buildConfigurations = (
				9BC7ADC0153243C700B256EC /* Debug */,
				9BC7ADC1153243C700B256EC /* Release */,
			);
			defaultConfigurationIsVisible = 0;
			defaultConfigurationName = Release;
		};
		9BC7ADC2153243C700B256EC /* Build configuration list for PBXNativeTarget "EasyFollowTests" */ = {
			isa = XCConfigurationList;
			buildConfigurations = (
				9BC7ADC3153243C700B256EC /* Debug */,
				9BC7ADC4153243C700B256EC /* Release */,
			);
			defaultConfigurationIsVisible = 0;
			defaultConfigurationName = Release;
		};
/* End XCConfigurationList section */
	};
	rootObject = 9BC7AD83153243C600B256EC /* Project object */;
}
